
Microsoft Visual Studio Solution File, Format Version 12.00
# Visual Studio Version 17
VisualStudioVersion = 17.8.34525.116
MinimumVisualStudioVersion = 10.0.40219.1
Project("{FAE04EC0-301F-11D3-BF4B-00C04F79EFBC}") = "LeetCode", "LeetCode.csproj", "{E8D4361B-98FE-4319-881A-9BF054108B54}"
EndProject
Project("{FAE04EC0-301F-11D3-BF4B-00C04F79EFBC}") = "LeetCode.Test", "..\LeetCode.Test\LeetCode.Test.csproj", "{B093FA76-0D71-417A-925B-3C41267FD769}"
EndProject
Global
	GlobalSection(SolutionConfigurationPlatforms) = preSolution
		Debug|Any CPU = Debug|Any CPU
		Release|Any CPU = Release|Any CPU
	EndGlobalSection
	GlobalSection(ProjectConfigurationPlatforms) = postSolution
		{E8D4361B-98FE-4319-881A-9BF054108B54}.Debug|Any CPU.ActiveCfg = Debug|Any CPU
		{E8D4361B-98FE-4319-881A-9BF054108B54}.Debug|Any CPU.Build.0 = Debug|Any CPU
		{E8D4361B-98FE-4319-881A-9BF054108B54}.Release|Any CPU.ActiveCfg = Release|Any CPU
		{E8D4361B-98FE-4319-881A-9BF054108B54}.Release|Any CPU.Build.0 = Release|Any CPU
		{B093FA76-0D71-417A-925B-3C41267FD769}.Debug|Any CPU.ActiveCfg = Debug|Any CPU
		{B093FA76-0D71-417A-925B-3C41267FD769}.Debug|Any CPU.Build.0 = Debug|Any CPU
		{B093FA76-0D71-417A-925B-3C41267FD769}.Release|Any CPU.ActiveCfg = Release|Any CPU
		{B093FA76-0D71-417A-925B-3C41267FD769}.Release|Any CPU.Build.0 = Release|Any CPU
	EndGlobalSection
	GlobalSection(SolutionProperties) = preSolution
		HideSolutionNode = FALSE
	EndGlobalSection
	GlobalSection(ExtensibilityGlobals) = postSolution
		SolutionGuid = {F0FE5459-2809-4082-8CB1-BE278D141B69}
	EndGlobalSection
EndGlobal
